
Microsoft Visual Studio Solution File, Format Version 10.00
# Visual Studio 2008
Project("{8BC9CEB8-8B4A-11D0-8D11-00A0C91BC942}") = "TCPDeliver", "plugins\TCPDeliver\TCPDeliver.vcproj", "{6348E5C7-9510-443E-8C10-F210AFD0FEC8}"
EndProject
Project("{EAF909A5-FA59-4C3D-9431-0FCC20D5BCF9}") = "avisynth", "avisynth.icproj", "{BCFC6F96-733C-46D9-87D3-6D1C773F5708}"
	ProjectSection(ProjectDependencies) = postProject
		{52BB5AAD-BEE9-4D4C-AD4C-8257C2A2C954} = {52BB5AAD-BEE9-4D4C-AD4C-8257C2A2C954}
		{516B44F0-2E66-46CD-A415-C0B2A21F2593} = {516B44F0-2E66-46CD-A415-C0B2A21F2593}
		{46C95262-83B8-458B-915B-66DF324770A2} = {46C95262-83B8-458B-915B-66DF324770A2}
	EndProjectSection
EndProject
Project("{EAF909A5-FA59-4C3D-9431-0FCC20D5BCF9}") = "DirectShowSource", "plugins\DirectShowSource\DirectShowSource.icproj", "{1B5A6229-4BA3-49BB-9C2C-45E88E90781E}"
EndProject
Project("{EAF909A5-FA59-4C3D-9431-0FCC20D5BCF9}") = "SoftWire", "..\distrib\include\SoftWire\SoftWire.icproj", "{46C95262-83B8-458B-915B-66DF324770A2}"
EndProject
Project("{EAF909A5-FA59-4C3D-9431-0FCC20D5BCF9}") = "SoundTouch", "..\distrib\include\SoundTouch\SoundTouch.icproj", "{52BB5AAD-BEE9-4D4C-AD4C-8257C2A2C954}"
EndProject
Project("{EAF909A5-FA59-4C3D-9431-0FCC20D5BCF9}") = "pfc", "..\distrib\include\pfc\pfc.icproj", "{516B44F0-2E66-46CD-A415-C0B2A21F2593}"
EndProject
Global
	GlobalSection(SolutionConfigurationPlatforms) = preSolution
		Compat|Win32 = Compat|Win32
		Compat|x64 = Compat|x64
		Debug|Win32 = Debug|Win32
		Debug|x64 = Debug|x64
		Release|Win32 = Release|Win32
		Release|x64 = Release|x64
	EndGlobalSection
	GlobalSection(ProjectConfigurationPlatforms) = postSolution
		{6348E5C7-9510-443E-8C10-F210AFD0FEC8}.Compat|Win32.ActiveCfg = Compat|Win32
		{6348E5C7-9510-443E-8C10-F210AFD0FEC8}.Compat|x64.ActiveCfg = Compat|x64
		{6348E5C7-9510-443E-8C10-F210AFD0FEC8}.Debug|Win32.ActiveCfg = Debug|Win32
		{6348E5C7-9510-443E-8C10-F210AFD0FEC8}.Debug|x64.ActiveCfg = Debug|x64
		{6348E5C7-9510-443E-8C10-F210AFD0FEC8}.Release|Win32.ActiveCfg = Release|Win32
		{6348E5C7-9510-443E-8C10-F210AFD0FEC8}.Release|x64.ActiveCfg = Release|x64
		{BCFC6F96-733C-46D9-87D3-6D1C773F5708}.Compat|Win32.ActiveCfg = Compat|Win32
		{BCFC6F96-733C-46D9-87D3-6D1C773F5708}.Compat|Win32.Build.0 = Compat|Win32
		{BCFC6F96-733C-46D9-87D3-6D1C773F5708}.Compat|x64.ActiveCfg = Compat|x64
		{BCFC6F96-733C-46D9-87D3-6D1C773F5708}.Compat|x64.Build.0 = Compat|x64
		{BCFC6F96-733C-46D9-87D3-6D1C773F5708}.Debug|Win32.ActiveCfg = Debug|Win32
		{BCFC6F96-733C-46D9-87D3-6D1C773F5708}.Debug|Win32.Build.0 = Debug|Win32
		{BCFC6F96-733C-46D9-87D3-6D1C773F5708}.Debug|x64.ActiveCfg = Debug|x64
		{BCFC6F96-733C-46D9-87D3-6D1C773F5708}.Debug|x64.Build.0 = Debug|x64
		{BCFC6F96-733C-46D9-87D3-6D1C773F5708}.Release|Win32.ActiveCfg = Release|Win32
		{BCFC6F96-733C-46D9-87D3-6D1C773F5708}.Release|Win32.Build.0 = Release|Win32
		{BCFC6F96-733C-46D9-87D3-6D1C773F5708}.Release|x64.ActiveCfg = Release|x64
		{BCFC6F96-733C-46D9-87D3-6D1C773F5708}.Release|x64.Build.0 = Release|x64
		{1B5A6229-4BA3-49BB-9C2C-45E88E90781E}.Compat|Win32.ActiveCfg = Compat|Win32
		{1B5A6229-4BA3-49BB-9C2C-45E88E90781E}.Compat|Win32.Build.0 = Compat|Win32
		{1B5A6229-4BA3-49BB-9C2C-45E88E90781E}.Compat|x64.ActiveCfg = Compat|x64
		{1B5A6229-4BA3-49BB-9C2C-45E88E90781E}.Debug|Win32.ActiveCfg = Debug|Win32
		{1B5A6229-4BA3-49BB-9C2C-45E88E90781E}.Debug|Win32.Build.0 = Debug|Win32
		{1B5A6229-4BA3-49BB-9C2C-45E88E90781E}.Debug|x64.ActiveCfg = Debug|x64
		{1B5A6229-4BA3-49BB-9C2C-45E88E90781E}.Debug|x64.Build.0 = Debug|x64
		{1B5A6229-4BA3-49BB-9C2C-45E88E90781E}.Release|Win32.ActiveCfg = Release|Win32
		{1B5A6229-4BA3-49BB-9C2C-45E88E90781E}.Release|Win32.Build.0 = Release|Win32
		{1B5A6229-4BA3-49BB-9C2C-45E88E90781E}.Release|x64.ActiveCfg = Release|x64
		{1B5A6229-4BA3-49BB-9C2C-45E88E90781E}.Release|x64.Build.0 = Release|x64
		{46C95262-83B8-458B-915B-66DF324770A2}.Compat|Win32.ActiveCfg = Compat|Win32
		{46C95262-83B8-458B-915B-66DF324770A2}.Compat|Win32.Build.0 = Compat|Win32
		{46C95262-83B8-458B-915B-66DF324770A2}.Compat|x64.ActiveCfg = Compat|x64
		{46C95262-83B8-458B-915B-66DF324770A2}.Compat|x64.Build.0 = Compat|x64
		{46C95262-83B8-458B-915B-66DF324770A2}.Debug|Win32.ActiveCfg = Debug|Win32
		{46C95262-83B8-458B-915B-66DF324770A2}.Debug|Win32.Build.0 = Debug|Win32
		{46C95262-83B8-458B-915B-66DF324770A2}.Debug|x64.ActiveCfg = Debug|x64
		{46C95262-83B8-458B-915B-66DF324770A2}.Debug|x64.Build.0 = Debug|x64
		{46C95262-83B8-458B-915B-66DF324770A2}.Release|Win32.ActiveCfg = Release|Win32
		{46C95262-83B8-458B-915B-66DF324770A2}.Release|Win32.Build.0 = Release|Win32
		{46C95262-83B8-458B-915B-66DF324770A2}.Release|x64.ActiveCfg = Release|x64
		{46C95262-83B8-458B-915B-66DF324770A2}.Release|x64.Build.0 = Release|x64
		{52BB5AAD-BEE9-4D4C-AD4C-8257C2A2C954}.Compat|Win32.ActiveCfg = Compat|Win32
		{52BB5AAD-BEE9-4D4C-AD4C-8257C2A2C954}.Compat|Win32.Build.0 = Compat|Win32
		{52BB5AAD-BEE9-4D4C-AD4C-8257C2A2C954}.Compat|x64.ActiveCfg = Compat|x64
		{52BB5AAD-BEE9-4D4C-AD4C-8257C2A2C954}.Compat|x64.Build.0 = Compat|x64
		{52BB5AAD-BEE9-4D4C-AD4C-8257C2A2C954}.Debug|Win32.ActiveCfg = Debug|Win32
		{52BB5AAD-BEE9-4D4C-AD4C-8257C2A2C954}.Debug|Win32.Build.0 = Debug|Win32
		{52BB5AAD-BEE9-4D4C-AD4C-8257C2A2C954}.Debug|x64.ActiveCfg = Debug|x64
		{52BB5AAD-BEE9-4D4C-AD4C-8257C2A2C954}.Debug|x64.Build.0 = Debug|x64
		{52BB5AAD-BEE9-4D4C-AD4C-8257C2A2C954}.Release|Win32.ActiveCfg = Release|Win32
		{52BB5AAD-BEE9-4D4C-AD4C-8257C2A2C954}.Release|Win32.Build.0 = Release|Win32
		{52BB5AAD-BEE9-4D4C-AD4C-8257C2A2C954}.Release|x64.ActiveCfg = Release|x64
		{52BB5AAD-BEE9-4D4C-AD4C-8257C2A2C954}.Release|x64.Build.0 = Release|x64
		{516B44F0-2E66-46CD-A415-C0B2A21F2593}.Compat|Win32.ActiveCfg = Compat|Win32
		{516B44F0-2E66-46CD-A415-C0B2A21F2593}.Compat|Win32.Build.0 = Compat|Win32
		{516B44F0-2E66-46CD-A415-C0B2A21F2593}.Compat|x64.ActiveCfg = Compat|x64
		{516B44F0-2E66-46CD-A415-C0B2A21F2593}.Compat|x64.Build.0 = Compat|x64
		{516B44F0-2E66-46CD-A415-C0B2A21F2593}.Debug|Win32.ActiveCfg = Debug|Win32
		{516B44F0-2E66-46CD-A415-C0B2A21F2593}.Debug|Win32.Build.0 = Debug|Win32
		{516B44F0-2E66-46CD-A415-C0B2A21F2593}.Debug|x64.ActiveCfg = Debug|x64
		{516B44F0-2E66-46CD-A415-C0B2A21F2593}.Debug|x64.Build.0 = Debug|x64
		{516B44F0-2E66-46CD-A415-C0B2A21F2593}.Release|Win32.ActiveCfg = Release|Win32
		{516B44F0-2E66-46CD-A415-C0B2A21F2593}.Release|Win32.Build.0 = Release|Win32
		{516B44F0-2E66-46CD-A415-C0B2A21F2593}.Release|x64.ActiveCfg = Release|x64
		{516B44F0-2E66-46CD-A415-C0B2A21F2593}.Release|x64.Build.0 = Release|x64
		{720622E7-2535-4E2C-BA79-57C6D13C7034}.Compat|Win32.ActiveCfg = Compat|Win32
		{720622E7-2535-4E2C-BA79-57C6D13C7034}.Compat|Win32.Build.0 = Compat|Win32
		{720622E7-2535-4E2C-BA79-57C6D13C7034}.Compat|x64.ActiveCfg = Compat|x64
		{720622E7-2535-4E2C-BA79-57C6D13C7034}.Compat|x64.Build.0 = Compat|x64
		{720622E7-2535-4E2C-BA79-57C6D13C7034}.Debug|Win32.ActiveCfg = Debug|Win32
		{720622E7-2535-4E2C-BA79-57C6D13C7034}.Debug|Win32.Build.0 = Debug|Win32
		{720622E7-2535-4E2C-BA79-57C6D13C7034}.Debug|x64.ActiveCfg = Debug|x64
		{720622E7-2535-4E2C-BA79-57C6D13C7034}.Debug|x64.Build.0 = Debug|x64
		{720622E7-2535-4E2C-BA79-57C6D13C7034}.Release|Win32.ActiveCfg = Release|Win32
		{720622E7-2535-4E2C-BA79-57C6D13C7034}.Release|Win32.Build.0 = Release|Win32
		{720622E7-2535-4E2C-BA79-57C6D13C7034}.Release|x64.ActiveCfg = Release|x64
		{720622E7-2535-4E2C-BA79-57C6D13C7034}.Release|x64.Build.0 = Release|x64
		{867A74A0-8D2C-44C5-8BAB-616EA4EBDB21}.Compat|Win32.ActiveCfg = Compat|Win32
		{867A74A0-8D2C-44C5-8BAB-616EA4EBDB21}.Compat|Win32.Build.0 = Compat|Win32
		{867A74A0-8D2C-44C5-8BAB-616EA4EBDB21}.Compat|x64.ActiveCfg = Compat|x64
		{867A74A0-8D2C-44C5-8BAB-616EA4EBDB21}.Compat|x64.Build.0 = Compat|x64
		{867A74A0-8D2C-44C5-8BAB-616EA4EBDB21}.Debug|Win32.ActiveCfg = Debug|Win32
		{867A74A0-8D2C-44C5-8BAB-616EA4EBDB21}.Debug|Win32.Build.0 = Debug|Win32
		{867A74A0-8D2C-44C5-8BAB-616EA4EBDB21}.Debug|x64.ActiveCfg = Debug|x64
		{867A74A0-8D2C-44C5-8BAB-616EA4EBDB21}.Debug|x64.Build.0 = Debug|x64
		{867A74A0-8D2C-44C5-8BAB-616EA4EBDB21}.Release|Win32.ActiveCfg = Release|Win32
		{867A74A0-8D2C-44C5-8BAB-616EA4EBDB21}.Release|Win32.Build.0 = Release|Win32
		{867A74A0-8D2C-44C5-8BAB-616EA4EBDB21}.Release|x64.ActiveCfg = Release|x64
		{867A74A0-8D2C-44C5-8BAB-616EA4EBDB21}.Release|x64.Build.0 = Release|x64
		{FB1526EC-7A90-4A2E-B93B-3A080BDDD739}.Compat|Win32.ActiveCfg = Compat|Win32
		{FB1526EC-7A90-4A2E-B93B-3A080BDDD739}.Compat|Win32.Build.0 = Compat|Win32
		{FB1526EC-7A90-4A2E-B93B-3A080BDDD739}.Compat|x64.ActiveCfg = Compat|x64
		{FB1526EC-7A90-4A2E-B93B-3A080BDDD739}.Compat|x64.Build.0 = Compat|x64
		{FB1526EC-7A90-4A2E-B93B-3A080BDDD739}.Debug|Win32.ActiveCfg = Debug|Win32
		{FB1526EC-7A90-4A2E-B93B-3A080BDDD739}.Debug|Win32.Build.0 = Debug|Win32
		{FB1526EC-7A90-4A2E-B93B-3A080BDDD739}.Debug|x64.ActiveCfg = Debug|x64
		{FB1526EC-7A90-4A2E-B93B-3A080BDDD739}.Debug|x64.Build.0 = Debug|x64
		{FB1526EC-7A90-4A2E-B93B-3A080BDDD739}.Release|Win32.ActiveCfg = Release|Win32
		{FB1526EC-7A90-4A2E-B93B-3A080BDDD739}.Release|Win32.Build.0 = Release|Win32
		{FB1526EC-7A90-4A2E-B93B-3A080BDDD739}.Release|x64.ActiveCfg = Release|x64
		{FB1526EC-7A90-4A2E-B93B-3A080BDDD739}.Release|x64.Build.0 = Release|x64
		{EED45D9C-9C49-4AA5-9239-8E4D95206989}.Compat|Win32.ActiveCfg = Compat|Win32
		{EED45D9C-9C49-4AA5-9239-8E4D95206989}.Compat|Win32.Build.0 = Compat|Win32
		{EED45D9C-9C49-4AA5-9239-8E4D95206989}.Compat|x64.ActiveCfg = Compat|x64
		{EED45D9C-9C49-4AA5-9239-8E4D95206989}.Compat|x64.Build.0 = Compat|x64
		{EED45D9C-9C49-4AA5-9239-8E4D95206989}.Debug|Win32.ActiveCfg = Debug|Win32
		{EED45D9C-9C49-4AA5-9239-8E4D95206989}.Debug|Win32.Build.0 = Debug|Win32
		{EED45D9C-9C49-4AA5-9239-8E4D95206989}.Debug|x64.ActiveCfg = Debug|x64
		{EED45D9C-9C49-4AA5-9239-8E4D95206989}.Debug|x64.Build.0 = Debug|x64
		{EED45D9C-9C49-4AA5-9239-8E4D95206989}.Release|Win32.ActiveCfg = Release|Win32
		{EED45D9C-9C49-4AA5-9239-8E4D95206989}.Release|Win32.Build.0 = Release|Win32
		{EED45D9C-9C49-4AA5-9239-8E4D95206989}.Release|x64.ActiveCfg = Release|x64
		{EED45D9C-9C49-4AA5-9239-8E4D95206989}.Release|x64.Build.0 = Release|x64
		{59B7CCA3-F23F-43F4-96BC-D20777BF3CAE}.Compat|Win32.ActiveCfg = Compat|Win32
		{59B7CCA3-F23F-43F4-96BC-D20777BF3CAE}.Compat|Win32.Build.0 = Compat|Win32
		{59B7CCA3-F23F-43F4-96BC-D20777BF3CAE}.Compat|x64.ActiveCfg = Compat|x64
		{59B7CCA3-F23F-43F4-96BC-D20777BF3CAE}.Compat|x64.Build.0 = Compat|x64
		{59B7CCA3-F23F-43F4-96BC-D20777BF3CAE}.Debug|Win32.ActiveCfg = Debug|Win32
		{59B7CCA3-F23F-43F4-96BC-D20777BF3CAE}.Debug|Win32.Build.0 = Debug|Win32
		{59B7CCA3-F23F-43F4-96BC-D20777BF3CAE}.Debug|x64.ActiveCfg = Debug|x64
		{59B7CCA3-F23F-43F4-96BC-D20777BF3CAE}.Debug|x64.Build.0 = Debug|x64
		{59B7CCA3-F23F-43F4-96BC-D20777BF3CAE}.Release|Win32.ActiveCfg = Release|Win32
		{59B7CCA3-F23F-43F4-96BC-D20777BF3CAE}.Release|Win32.Build.0 = Release|Win32
		{59B7CCA3-F23F-43F4-96BC-D20777BF3CAE}.Release|x64.ActiveCfg = Release|x64
		{59B7CCA3-F23F-43F4-96BC-D20777BF3CAE}.Release|x64.Build.0 = Release|x64
	EndGlobalSection
	GlobalSection(SolutionProperties) = preSolution
		HideSolutionNode = FALSE
	EndGlobalSection
EndGlobal
